
Microsoft Visual Studio Solution File, Format Version 12.00
# Visual Studio Version 16
VisualStudioVersion = 16.0.34301.259
MinimumVisualStudioVersion = 10.0.40219.1
Project("{FAE04EC0-301F-11D3-BF4B-00C04F79EFBC}") = "CRUDASP", "CRUDASP\CRUDASP.csproj", "{FA4E5CC0-B543-4551-B1F7-80C7339FCF27}"
EndProject
Global
	GlobalSection(SolutionConfigurationPlatforms) = preSolution
		Debug|Any CPU = Debug|Any CPU
		Release|Any CPU = Release|Any CPU
	EndGlobalSection
	GlobalSection(ProjectConfigurationPlatforms) = postSolution
		{FA4E5CC0-B543-4551-B1F7-80C7339FCF27}.Debug|Any CPU.ActiveCfg = Debug|Any CPU
		{FA4E5CC0-B543-4551-B1F7-80C7339FCF27}.Debug|Any CPU.Build.0 = Debug|Any CPU
		{FA4E5CC0-B543-4551-B1F7-80C7339FCF27}.Release|Any CPU.ActiveCfg = Release|Any CPU
		{FA4E5CC0-B543-4551-B1F7-80C7339FCF27}.Release|Any CPU.Build.0 = Release|Any CPU
	EndGlobalSection
	GlobalSection(SolutionProperties) = preSolution
		HideSolutionNode = FALSE
	EndGlobalSection
	GlobalSection(ExtensibilityGlobals) = postSolution
		SolutionGuid = {C36588DF-E02F-4105-A73D-EBF070A3C5D3}
	EndGlobalSection
EndGlobal
